// !$*UTF8*$!
{
	archiveVersion = 1;
	classes = {
	};
	objectVersion = 46;
	objects = {

/* Begin PBXBuildFile section */
		6B17B0AC1B07814E0054B176 /* main.m in Sources */ = {isa = PBXBuildFile; fileRef = 6B17B0AB1B07814E0054B176 /* main.m */; };
		6B17B0AF1B07814E0054B176 /* AppDelegate.m in Sources */ = {isa = PBXBuildFile; fileRef = 6B17B0AE1B07814E0054B176 /* AppDelegate.m */; };
		6B17B0B21B07814E0054B176 /* ViewController.m in Sources */ = {isa = PBXBuildFile; fileRef = 6B17B0B11B07814E0054B176 /* ViewController.m */; };
		6B17B0B51B07814E0054B176 /* Main.storyboard in Resources */ = {isa = PBXBuildFile; fileRef = 6B17B0B31B07814E0054B176 /* Main.storyboard */; };
		6B17B0B71B07814E0054B176 /* Images.xcassets in Resources */ = {isa = PBXBuildFile; fileRef = 6B17B0B61B07814E0054B176 /* Images.xcassets */; };
		6B17B0BA1B07814E0054B176 /* LaunchScreen.xib in Resources */ = {isa = PBXBuildFile; fileRef = 6B17B0B81B07814E0054B176 /* LaunchScreen.xib */; };
		6B17B0C61B07814E0054B176 /* ShopDemoTests.m in Sources */ = {isa = PBXBuildFile; fileRef = 6B17B0C51B07814E0054B176 /* ShopDemoTests.m */; };
		6B17B0D11B07819A0054B176 /* TabCartSelected@2x.png in Resources */ = {isa = PBXBuildFile; fileRef = 6B17B0CF1B07819A0054B176 /* TabCartSelected@2x.png */; };
		6B17B0D21B07819A0054B176 /* test01.jpg in Resources */ = {isa = PBXBuildFile; fileRef = 6B17B0D01B07819A0054B176 /* test01.jpg */; };
		6B8096EB1B1369580023A63E /* ButtonRedLarge.png in Resources */ = {isa = PBXBuildFile; fileRef = 6B8096EA1B1369580023A63E /* ButtonRedLarge.png */; };
/* End PBXBuildFile section */

/* Begin PBXContainerItemProxy section */
		6B17B0C01B07814E0054B176 /* PBXContainerItemProxy */ = {
			isa = PBXContainerItemProxy;
			containerPortal = 6B17B09E1B07814E0054B176 /* Project object */;
			proxyType = 1;
			remoteGlobalIDString = 6B17B0A51B07814E0054B176;
			remoteInfo = ShopDemo;
		};
/* End PBXContainerItemProxy section */

/* Begin PBXFileReference section */
		6B17B0A61B07814E0054B176 /* ShopDemo.app */ = {isa = PBXFileReference; explicitFileType = wrapper.application; includeInIndex = 0; path = ShopDemo.app; sourceTree = BUILT_PRODUCTS_DIR; };
		6B17B0AA1B07814E0054B176 /* Info.plist */ = {isa = PBXFileReference; lastKnownFileType = text.plist.xml; path = Info.plist; sourceTree = "<group>"; };
		6B17B0AB1B07814E0054B176 /* main.m */ = {isa = PBXFileReference; lastKnownFileType = sourcecode.c.objc; path = main.m; sourceTree = "<group>"; };
		6B17B0AD1B07814E0054B176 /* AppDelegate.h */ = {isa = PBXFileReference; lastKnownFileType = sourcecode.c.h; path = AppDelegate.h; sourceTree = "<group>"; };
		6B17B0AE1B07814E0054B176 /* AppDelegate.m */ = {isa = PBXFileReference; lastKnownFileType = sourcecode.c.objc; path = AppDelegate.m; sourceTree = "<group>"; };
		6B17B0B01B07814E0054B176 /* ViewController.h */ = {isa = PBXFileReference; lastKnownFileType = sourcecode.c.h; path = ViewController.h; sourceTree = "<group>"; };
		6B17B0B11B07814E0054B176 /* ViewController.m */ = {isa = PBXFileReference; lastKnownFileType = sourcecode.c.objc; path = ViewController.m; sourceTree = "<group>"; };
		6B17B0B41B07814E0054B176 /* Base */ = {isa = PBXFileReference; lastKnownFileType = file.storyboard; name = Base; path = Base.lproj/Main.storyboard; sourceTree = "<group>"; };
		6B17B0B61B07814E0054B176 /* Images.xcassets */ = {isa = PBXFileReference; lastKnownFileType = folder.assetcatalog; path = Images.xcassets; sourceTree = "<group>"; };
		6B17B0B91B07814E0054B176 /* Base */ = {isa = PBXFileReference; lastKnownFileType = file.xib; name = Base; path = Base.lproj/LaunchScreen.xib; sourceTree = "<group>"; };
		6B17B0BF1B07814E0054B176 /* ShopDemoTests.xctest */ = {isa = PBXFileReference; explicitFileType = wrapper.cfbundle; includeInIndex = 0; path = ShopDemoTests.xctest; sourceTree = BUILT_PRODUCTS_DIR; };
		6B17B0C41B07814E0054B176 /* Info.plist */ = {isa = PBXFileReference; lastKnownFileType = text.plist.xml; path = Info.plist; sourceTree = "<group>"; };
		6B17B0C51B07814E0054B176 /* ShopDemoTests.m */ = {isa = PBXFileReference; lastKnownFileType = sourcecode.c.objc; path = ShopDemoTests.m; sourceTree = "<group>"; };
		6B17B0CF1B07819A0054B176 /* TabCartSelected@2x.png */ = {isa = PBXFileReference; lastKnownFileType = image.png; path = "TabCartSelected@2x.png"; sourceTree = "<group>"; };
		6B17B0D01B07819A0054B176 /* test01.jpg */ = {isa = PBXFileReference; lastKnownFileType = image.jpeg; path = test01.jpg; sourceTree = "<group>"; };
		6B8096EA1B1369580023A63E /* ButtonRedLarge.png */ = {isa = PBXFileReference; lastKnownFileType = image.png; path = ButtonRedLarge.png; sourceTree = "<group>"; };
/* End PBXFileReference section */

/* Begin PBXFrameworksBuildPhase section */
		6B17B0A31B07814E0054B176 /* Frameworks */ = {
			isa = PBXFrameworksBuildPhase;
			buildActionMask = 2147483647;
			files = (
			);
			runOnlyForDeploymentPostprocessing = 0;
		};
		6B17B0BC1B07814E0054B176 /* Frameworks */ = {
			isa = PBXFrameworksBuildPhase;
			buildActionMask = 2147483647;
			files = (
			);
			runOnlyForDeploymentPostprocessing = 0;
		};
/* End PBXFrameworksBuildPhase section */

/* Begin PBXGroup section */
		6B17B09D1B07814E0054B176 = {
			isa = PBXGroup;
			children = (
				6B17B0A81B07814E0054B176 /* ShopDemo */,
				6B17B0C21B07814E0054B176 /* ShopDemoTests */,
				6B17B0A71B07814E0054B176 /* Products */,
			);
			sourceTree = "<group>";
		};
		6B17B0A71B07814E0054B176 /* Products */ = {
			isa = PBXGroup;
			children = (
				6B17B0A61B07814E0054B176 /* ShopDemo.app */,
				6B17B0BF1B07814E0054B176 /* ShopDemoTests.xctest */,
			);
			name = Products;
			sourceTree = "<group>";
		};
		6B17B0A81B07814E0054B176 /* ShopDemo */ = {
			isa = PBXGroup;
			children = (
				6B17B0AD1B07814E0054B176 /* AppDelegate.h */,
				6B17B0AE1B07814E0054B176 /* AppDelegate.m */,
				6B17B0B01B07814E0054B176 /* ViewController.h */,
				6B17B0B11B07814E0054B176 /* ViewController.m */,
				6B17B0B31B07814E0054B176 /* Main.storyboard */,
				6B17B0B61B07814E0054B176 /* Images.xcassets */,
				6B17B0B81B07814E0054B176 /* LaunchScreen.xib */,
				6B17B0A91B07814E0054B176 /* Supporting Files */,
			);
			path = ShopDemo;
			sourceTree = "<group>";
		};
		6B17B0A91B07814E0054B176 /* Supporting Files */ = {
			isa = PBXGroup;
			children = (
				6B8096EA1B1369580023A63E /* ButtonRedLarge.png */,
				6B17B0CF1B07819A0054B176 /* TabCartSelected@2x.png */,
				6B17B0D01B07819A0054B176 /* test01.jpg */,
				6B17B0AA1B07814E0054B176 /* Info.plist */,
				6B17B0AB1B07814E0054B176 /* main.m */,
			);
			name = "Supporting Files";
			sourceTree = "<group>";
		};
		6B17B0C21B07814E0054B176 /* ShopDemoTests */ = {
			isa = PBXGroup;
			children = (
				6B17B0C51B07814E0054B176 /* ShopDemoTests.m */,
				6B17B0C31B07814E0054B176 /* Supporting Files */,
			);
			path = ShopDemoTests;
			sourceTree = "<group>";
		};
		6B17B0C31B07814E0054B176 /* Supporting Files */ = {
			isa = PBXGroup;
			children = (
				6B17B0C41B07814E0054B176 /* Info.plist */,
			);
			name = "Supporting Files";
			sourceTree = "<group>";
		};
/* End PBXGroup section */

/* Begin PBXNativeTarget section */
		6B17B0A51B07814E0054B176 /* ShopDemo */ = {
			isa = PBXNativeTarget;
			buildConfigurationList = 6B17B0C91B07814E0054B176 /* Build configuration list for PBXNativeTarget "ShopDemo" */;
			buildPhases = (
				6B17B0A21B07814E0054B176 /* Sources */,
				6B17B0A31B07814E0054B176 /* Frameworks */,
				6B17B0A41B07814E0054B176 /* Resources */,
			);
			buildRules = (
			);
			dependencies = (
			);
			name = ShopDemo;
			productName = ShopDemo;
			productReference = 6B17B0A61B07814E0054B176 /* ShopDemo.app */;
			productType = "com.apple.product-type.application";
		};
		6B17B0BE1B07814E0054B176 /* ShopDemoTests */ = {
			isa = PBXNativeTarget;
			buildConfigurationList = 6B17B0CC1B07814E0054B176 /* Build configuration list for PBXNativeTarget "ShopDemoTests" */;
			buildPhases = (
				6B17B0BB1B07814E0054B176 /* Sources */,
				6B17B0BC1B07814E0054B176 /* Frameworks */,
				6B17B0BD1B07814E0054B176 /* Resources */,
			);
			buildRules = (
			);
			dependencies = (
				6B17B0C11B07814E0054B176 /* PBXTargetDependency */,
			);
			name = ShopDemoTests;
			productName = ShopDemoTests;
			productReference = 6B17B0BF1B07814E0054B176 /* ShopDemoTests.xctest */;
			productType = "com.apple.product-type.bundle.unit-test";
		};
/* End PBXNativeTarget section */

/* Begin PBXProject section */
		6B17B09E1B07814E0054B176 /* Project object */ = {
			isa = PBXProject;
			attributes = {
				LastUpgradeCheck = 0610;
				ORGANIZATIONNAME = wanglh;
				TargetAttributes = {
					6B17B0A51B07814E0054B176 = {
						CreatedOnToolsVersion = 6.1;
					};
					6B17B0BE1B07814E0054B176 = {
						CreatedOnToolsVersion = 6.1;
						TestTargetID = 6B17B0A51B07814E0054B176;
					};
				};
			};
			buildConfigurationList = 6B17B0A11B07814E0054B176 /* Build configuration list for PBXProject "ShopDemo" */;
			compatibilityVersion = "Xcode 3.2";
			developmentRegion = English;
			hasScannedForEncodings = 0;
			knownRegions = (
				en,
				Base,
			);
			mainGroup = 6B17B09D1B07814E0054B176;
			productRefGroup = 6B17B0A71B07814E0054B176 /* Products */;
			projectDirPath = "";
			projectRoot = "";
			targets = (
				6B17B0A51B07814E0054B176 /* ShopDemo */,
				6B17B0BE1B07814E0054B176 /* ShopDemoTests */,
			);
		};
/* End PBXProject section */

/* Begin PBXResourcesBuildPhase section */
		6B17B0A41B07814E0054B176 /* Resources */ = {
			isa = PBXResourcesBuildPhase;
			buildActionMask = 2147483647;
			files = (
				6B17B0B51B07814E0054B176 /* Main.storyboard in Resources */,
				6B8096EB1B1369580023A63E /* ButtonRedLarge.png in Resources */,
				6B17B0D11B07819A0054B176 /* TabCartSelected@2x.png in Resources */,
				6B17B0BA1B07814E0054B176 /* LaunchScreen.xib in Resources */,
				6B17B0D21B07819A0054B176 /* test01.jpg in Resources */,
				6B17B0B71B07814E0054B176 /* Images.xcassets in Resources */,
			);
			runOnlyForDeploymentPostprocessing = 0;
		};
		6B17B0BD1B07814E0054B176 /* Resources */ = {
			isa = PBXResourcesBuildPhase;
			buildActionMask = 2147483647;
			files = (
			);
			runOnlyForDeploymentPostprocessing = 0;
		};
/* End PBXResourcesBuildPhase section */

/* Begin PBXSourcesBuildPhase section */
		6B17B0A21B07814E0054B176 /* Sources */ = {
			isa = PBXSourcesBuildPhase;
			buildActionMask = 2147483647;
			files = (
				6B17B0B21B07814E0054B176 /* ViewController.m in Sources */,
				6B17B0AF1B07814E0054B176 /* AppDelegate.m in Sources */,
				6B17B0AC1B07814E0054B176 /* main.m in Sources */,
			);
			runOnlyForDeploymentPostprocessing = 0;
		};
		6B17B0BB1B07814E0054B176 /* Sources */ = {
			isa = PBXSourcesBuildPhase;
			buildActionMask = 2147483647;
			files = (
				6B17B0C61B07814E0054B176 /* ShopDemoTests.m in Sources */,
			);
			runOnlyForDeploymentPostprocessing = 0;
		};
/* End PBXSourcesBuildPhase section */

/* Begin PBXTargetDependency section */
		6B17B0C11B07814E0054B176 /* PBXTargetDependency */ = {
			isa = PBXTargetDependency;
			target = 6B17B0A51B07814E0054B176 /* ShopDemo */;
			targetProxy = 6B17B0C01B07814E0054B176 /* PBXContainerItemProxy */;
		};
/* End PBXTargetDependency section */

/* Begin PBXVariantGroup section */
		6B17B0B31B07814E0054B176 /* Main.storyboard */ = {
			isa = PBXVariantGroup;
			children = (
				6B17B0B41B07814E0054B176 /* Base */,
			);
			name = Main.storyboard;
			sourceTree = "<group>";
		};
		6B17B0B81B07814E0054B176 /* LaunchScreen.xib */ = {
			isa = PBXVariantGroup;
			children = (
				6B17B0B91B07814E0054B176 /* Base */,
			);
			name = LaunchScreen.xib;
			sourceTree = "<group>";
		};
/* End PBXVariantGroup section */

/* Begin XCBuildConfiguration section */
		6B17B0C71B07814E0054B176 /* Debug */ = {
			isa = XCBuildConfiguration;
			buildSettings = {
				ALWAYS_SEARCH_USER_PATHS = NO;
				CLANG_CXX_LANGUAGE_STANDARD = "gnu++0x";
				CLANG_CXX_LIBRARY = "libc++";
				CLANG_ENABLE_MODULES = YES;
				CLANG_ENABLE_OBJC_ARC = YES;
				CLANG_WARN_BOOL_CONVERSION = YES;
				CLANG_WARN_CONSTANT_CONVERSION = YES;
				CLANG_WARN_DIRECT_OBJC_ISA_USAGE = YES_ERROR;
				CLANG_WARN_EMPTY_BODY = YES;
				CLANG_WARN_ENUM_CONVERSION = YES;
				CLANG_WARN_INT_CONVERSION = YES;
				CLANG_WARN_OBJC_ROOT_CLASS = YES_ERROR;
				CLANG_WARN_UNREACHABLE_CODE = YES;
				CLANG_WARN__DUPLICATE_METHOD_MATCH = YES;
				"CODE_SIGN_IDENTITY[sdk=iphoneos*]" = "iPhone Developer";
				COPY_PHASE_STRIP = NO;
				ENABLE_STRICT_OBJC_MSGSEND = YES;
				GCC_C_LANGUAGE_STANDARD = gnu99;
				GCC_DYNAMIC_NO_PIC = NO;
				GCC_OPTIMIZATION_LEVEL = 0;
				GCC_PREPROCESSOR_DEFINITIONS = (
					"DEBUG=1",
					"$(inherited)",
				);
				GCC_SYMBOLS_PRIVATE_EXTERN = NO;
				GCC_WARN_64_TO_32_BIT_CONVERSION = YES;
				GCC_WARN_ABOUT_RETURN_TYPE = YES_ERROR;
				GCC_WARN_UNDECLARED_SELECTOR = YES;
				GCC_WARN_UNINITIALIZED_AUTOS = YES_AGGRESSIVE;
				GCC_WARN_UNUSED_FUNCTION = YES;
				GCC_WARN_UNUSED_VARIABLE = YES;
				IPHONEOS_DEPLOYMENT_TARGET = 8.1;
				MTL_ENABLE_DEBUG_INFO = YES;
				ONLY_ACTIVE_ARCH = YES;
				SDKROOT = iphoneos;
			};
			name = Debug;
		};
		6B17B0C81B07814E0054B176 /* Release */ = {
			isa = XCBuildConfiguration;
			buildSettings = {
				ALWAYS_SEARCH_USER_PATHS = NO;
				CLANG_CXX_LANGUAGE_STANDARD = "gnu++0x";
				CLANG_CXX_LIBRARY = "libc++";
				CLANG_ENABLE_MODULES = YES;
				CLANG_ENABLE_OBJC_ARC = YES;
				CLANG_WARN_BOOL_CONVERSION = YES;
				CLANG_WARN_CONSTANT_CONVERSION = YES;
				CLANG_WARN_DIRECT_OBJC_ISA_USAGE = YES_ERROR;
				CLANG_WARN_EMPTY_BODY = YES;
				CLANG_WARN_ENUM_CONVERSION = YES;
				CLANG_WARN_INT_CONVERSION = YES;
				CLANG_WARN_OBJC_ROOT_CLASS = YES_ERROR;
				CLANG_WARN_UNREACHABLE_CODE = YES;
				CLANG_WARN__DUPLICATE_METHOD_MATCH = YES;
				"CODE_SIGN_IDENTITY[sdk=iphoneos*]" = "iPhone Developer";
				COPY_PHASE_STRIP = YES;
				ENABLE_NS_ASSERTIONS = NO;
				ENABLE_STRICT_OBJC_MSGSEND = YES;
				GCC_C_LANGUAGE_STANDARD = gnu99;
				GCC_WARN_64_TO_32_BIT_CONVERSION = YES;
				GCC_WARN_ABOUT_RETURN_TYPE = YES_ERROR;
				GCC_WARN_UNDECLARED_SELECTOR = YES;
				GCC_WARN_UNINITIALIZED_AUTOS = YES_AGGRESSIVE;
				GCC_WARN_UNUSED_FUNCTION = YES;
				GCC_WARN_UNUSED_VARIABLE = YES;
				IPHONEOS_DEPLOYMENT_TARGET = 8.1;
				MTL_ENABLE_DEBUG_INFO = NO;
				SDKROOT = iphoneos;
				VALIDATE_PRODUCT = YES;
			};
			name = Release;
		};
		6B17B0CA1B07814E0054B176 /* Debug */ = {
			isa = XCBuildConfiguration;
			buildSettings = {
				ASSETCATALOG_COMPILER_APPICON_NAME = AppIcon;
				INFOPLIST_FILE = ShopDemo/Info.plist;
				LD_RUNPATH_SEARCH_PATHS = "$(inherited) @executable_path/Frameworks";
				PRODUCT_NAME = "$(TARGET_NAME)";
			};
			name = Debug;
		};
		6B17B0CB1B07814E0054B176 /* Release */ = {
			isa = XCBuildConfiguration;
			buildSettings = {
				ASSETCATALOG_COMPILER_APPICON_NAME = AppIcon;
				INFOPLIST_FILE = ShopDemo/Info.plist;
				LD_RUNPATH_SEARCH_PATHS = "$(inherited) @executable_path/Frameworks";
				PRODUCT_NAME = "$(TARGET_NAME)";
			};
			name = Release;
		};
		6B17B0CD1B07814E0054B176 /* Debug */ = {
			isa = XCBuildConfiguration;
			buildSettings = {
				BUNDLE_LOADER = "$(TEST_HOST)";
				FRAMEWORK_SEARCH_PATHS = (
					"$(SDKROOT)/Developer/Library/Frameworks",
					"$(inherited)",
				);
				GCC_PREPROCESSOR_DEFINITIONS = (
					"DEBUG=1",
					"$(inherited)",
				);
				INFOPLIST_FILE = ShopDemoTests/Info.plist;
				LD_RUNPATH_SEARCH_PATHS = "$(inherited) @executable_path/Frameworks @loader_path/Frameworks";
				PRODUCT_NAME = "$(TARGET_NAME)";
				TEST_HOST = "$(BUILT_PRODUCTS_DIR)/ShopDemo.app/ShopDemo";
			};
			name = Debug;
		};
		6B17B0CE1B07814E0054B176 /* Release */ = {
			isa = XCBuildConfiguration;
			buildSettings = {
				BUNDLE_LOADER = "$(TEST_HOST)";
				FRAMEWORK_SEARCH_PATHS = (
					"$(SDKROOT)/Developer/Library/Frameworks",
					"$(inherited)",
				);
				INFOPLIST_FILE = ShopDemoTests/Info.plist;
				LD_RUNPATH_SEARCH_PATHS = "$(inherited) @executable_path/Frameworks @loader_path/Frameworks";
				PRODUCT_NAME = "$(TARGET_NAME)";
				TEST_HOST = "$(BUILT_PRODUCTS_DIR)/ShopDemo.app/ShopDemo";
			};
			name = Release;
		};
/* End XCBuildConfiguration section */

/* Begin XCConfigurationList section */
		6B17B0A11B07814E0054B176 /* Build configuration list for PBXProject "ShopDemo" */ = {
			isa = XCConfigurationList;
			buildConfigurations = (
				6B17B0C71B07814E0054B176 /* Debug */,
				6B17B0C81B07814E0054B176 /* Release */,
			);
			defaultConfigurationIsVisible = 0;
			defaultConfigurationName = Release;
		};
		6B17B0C91B07814E0054B176 /* Build configuration list for PBXNativeTarget "ShopDemo" */ = {
			isa = XCConfigurationList;
			buildConfigurations = (
				6B17B0CA1B07814E0054B176 /* Debug */,
				6B17B0CB1B07814E0054B176 /* Release */,
			);
			defaultConfigurationIsVisible = 0;
			defaultConfigurationName = Release;
		};
		6B17B0CC1B07814E0054B176 /* Build configuration list for PBXNativeTarget "ShopDemoTests" */ = {
			isa = XCConfigurationList;
			buildConfigurations = (
				6B17B0CD1B07814E0054B176 /* Debug */,
				6B17B0CE1B07814E0054B176 /* Release */,
			);
			defaultConfigurationIsVisible = 0;
			defaultConfigurationName = Release;
		};
/* End XCConfigurationList section */
	};
	rootObject = 6B17B09E1B07814E0054B176 /* Project object */;
}
