// !$*UTF8*$!
{
	archiveVersion = 1;
	classes = {
	};
	objectVersion = 46;
	objects = {

/* Begin PBXBuildFile section */
		6B885ADE1B1B6D500008FB10 /* main.m in Sources */ = {isa = PBXBuildFile; fileRef = 6B885ADD1B1B6D500008FB10 /* main.m */; };
		6B885AE11B1B6D500008FB10 /* AppDelegate.m in Sources */ = {isa = PBXBuildFile; fileRef = 6B885AE01B1B6D500008FB10 /* AppDelegate.m */; };
		6B885AE41B1B6D500008FB10 /* ViewController.m in Sources */ = {isa = PBXBuildFile; fileRef = 6B885AE31B1B6D500008FB10 /* ViewController.m */; };
		6B885AE71B1B6D500008FB10 /* Main.storyboard in Resources */ = {isa = PBXBuildFile; fileRef = 6B885AE51B1B6D500008FB10 /* Main.storyboard */; };
		6B885AE91B1B6D500008FB10 /* Images.xcassets in Resources */ = {isa = PBXBuildFile; fileRef = 6B885AE81B1B6D500008FB10 /* Images.xcassets */; };
		6B885AEC1B1B6D500008FB10 /* LaunchScreen.xib in Resources */ = {isa = PBXBuildFile; fileRef = 6B885AEA1B1B6D500008FB10 /* LaunchScreen.xib */; };
		6B885AF81B1B6D500008FB10 /* shopCartListDemoTests.m in Sources */ = {isa = PBXBuildFile; fileRef = 6B885AF71B1B6D500008FB10 /* shopCartListDemoTests.m */; };
		6B885B041B1B6ED00008FB10 /* ButtonRedLarge.png in Resources */ = {isa = PBXBuildFile; fileRef = 6B885B011B1B6ED00008FB10 /* ButtonRedLarge.png */; };
		6B885B051B1B6ED00008FB10 /* TabCartSelected@2x.png in Resources */ = {isa = PBXBuildFile; fileRef = 6B885B021B1B6ED00008FB10 /* TabCartSelected@2x.png */; };
		6B885B061B1B6ED00008FB10 /* test01.jpg in Resources */ = {isa = PBXBuildFile; fileRef = 6B885B031B1B6ED00008FB10 /* test01.jpg */; };
		6B885B0A1B1B709D0008FB10 /* shopCartCell.m in Sources */ = {isa = PBXBuildFile; fileRef = 6B885B081B1B709D0008FB10 /* shopCartCell.m */; };
		6B885B0B1B1B709D0008FB10 /* shopCartCell.xib in Resources */ = {isa = PBXBuildFile; fileRef = 6B885B091B1B709D0008FB10 /* shopCartCell.xib */; };
		6BB604551B203E8A00EF5730 /* test02.jpg in Resources */ = {isa = PBXBuildFile; fileRef = 6BB604511B203E8A00EF5730 /* test02.jpg */; };
		6BB604561B203E8A00EF5730 /* test03.jpg in Resources */ = {isa = PBXBuildFile; fileRef = 6BB604521B203E8A00EF5730 /* test03.jpg */; };
		6BB604571B203E8A00EF5730 /* test04.jpg in Resources */ = {isa = PBXBuildFile; fileRef = 6BB604531B203E8A00EF5730 /* test04.jpg */; };
		6BB6045A1B203EF300EF5730 /* test05.jpg in Resources */ = {isa = PBXBuildFile; fileRef = 6BB604591B203EF300EF5730 /* test05.jpg */; };
		6BB6045D1B20408E00EF5730 /* shopModel.m in Sources */ = {isa = PBXBuildFile; fileRef = 6BB6045C1B20408E00EF5730 /* shopModel.m */; };
/* End PBXBuildFile section */

/* Begin PBXContainerItemProxy section */
		6B885AF21B1B6D500008FB10 /* PBXContainerItemProxy */ = {
			isa = PBXContainerItemProxy;
			containerPortal = 6B885AD01B1B6D500008FB10 /* Project object */;
			proxyType = 1;
			remoteGlobalIDString = 6B885AD71B1B6D500008FB10;
			remoteInfo = shopCartListDemo;
		};
/* End PBXContainerItemProxy section */

/* Begin PBXFileReference section */
		6B885AD81B1B6D500008FB10 /* shopCartListDemo.app */ = {isa = PBXFileReference; explicitFileType = wrapper.application; includeInIndex = 0; path = shopCartListDemo.app; sourceTree = BUILT_PRODUCTS_DIR; };
		6B885ADC1B1B6D500008FB10 /* Info.plist */ = {isa = PBXFileReference; lastKnownFileType = text.plist.xml; path = Info.plist; sourceTree = "<group>"; };
		6B885ADD1B1B6D500008FB10 /* main.m */ = {isa = PBXFileReference; lastKnownFileType = sourcecode.c.objc; path = main.m; sourceTree = "<group>"; };
		6B885ADF1B1B6D500008FB10 /* AppDelegate.h */ = {isa = PBXFileReference; lastKnownFileType = sourcecode.c.h; path = AppDelegate.h; sourceTree = "<group>"; };
		6B885AE01B1B6D500008FB10 /* AppDelegate.m */ = {isa = PBXFileReference; lastKnownFileType = sourcecode.c.objc; path = AppDelegate.m; sourceTree = "<group>"; };
		6B885AE21B1B6D500008FB10 /* ViewController.h */ = {isa = PBXFileReference; lastKnownFileType = sourcecode.c.h; path = ViewController.h; sourceTree = "<group>"; };
		6B885AE31B1B6D500008FB10 /* ViewController.m */ = {isa = PBXFileReference; lastKnownFileType = sourcecode.c.objc; path = ViewController.m; sourceTree = "<group>"; };
		6B885AE61B1B6D500008FB10 /* Base */ = {isa = PBXFileReference; lastKnownFileType = file.storyboard; name = Base; path = Base.lproj/Main.storyboard; sourceTree = "<group>"; };
		6B885AE81B1B6D500008FB10 /* Images.xcassets */ = {isa = PBXFileReference; lastKnownFileType = folder.assetcatalog; path = Images.xcassets; sourceTree = "<group>"; };
		6B885AEB1B1B6D500008FB10 /* Base */ = {isa = PBXFileReference; lastKnownFileType = file.xib; name = Base; path = Base.lproj/LaunchScreen.xib; sourceTree = "<group>"; };
		6B885AF11B1B6D500008FB10 /* shopCartListDemoTests.xctest */ = {isa = PBXFileReference; explicitFileType = wrapper.cfbundle; includeInIndex = 0; path = shopCartListDemoTests.xctest; sourceTree = BUILT_PRODUCTS_DIR; };
		6B885AF61B1B6D500008FB10 /* Info.plist */ = {isa = PBXFileReference; lastKnownFileType = text.plist.xml; path = Info.plist; sourceTree = "<group>"; };
		6B885AF71B1B6D500008FB10 /* shopCartListDemoTests.m */ = {isa = PBXFileReference; lastKnownFileType = sourcecode.c.objc; path = shopCartListDemoTests.m; sourceTree = "<group>"; };
		6B885B011B1B6ED00008FB10 /* ButtonRedLarge.png */ = {isa = PBXFileReference; lastKnownFileType = image.png; path = ButtonRedLarge.png; sourceTree = "<group>"; };
		6B885B021B1B6ED00008FB10 /* TabCartSelected@2x.png */ = {isa = PBXFileReference; lastKnownFileType = image.png; path = "TabCartSelected@2x.png"; sourceTree = "<group>"; };
		6B885B031B1B6ED00008FB10 /* test01.jpg */ = {isa = PBXFileReference; lastKnownFileType = image.jpeg; path = test01.jpg; sourceTree = "<group>"; };
		6B885B071B1B709D0008FB10 /* shopCartCell.h */ = {isa = PBXFileReference; fileEncoding = 4; lastKnownFileType = sourcecode.c.h; path = shopCartCell.h; sourceTree = "<group>"; };
		6B885B081B1B709D0008FB10 /* shopCartCell.m */ = {isa = PBXFileReference; fileEncoding = 4; lastKnownFileType = sourcecode.c.objc; path = shopCartCell.m; sourceTree = "<group>"; };
		6B885B091B1B709D0008FB10 /* shopCartCell.xib */ = {isa = PBXFileReference; fileEncoding = 4; lastKnownFileType = file.xib; path = shopCartCell.xib; sourceTree = "<group>"; };
		6BB604511B203E8A00EF5730 /* test02.jpg */ = {isa = PBXFileReference; lastKnownFileType = image.jpeg; path = test02.jpg; sourceTree = "<group>"; };
		6BB604521B203E8A00EF5730 /* test03.jpg */ = {isa = PBXFileReference; lastKnownFileType = image.jpeg; path = test03.jpg; sourceTree = "<group>"; };
		6BB604531B203E8A00EF5730 /* test04.jpg */ = {isa = PBXFileReference; lastKnownFileType = image.jpeg; path = test04.jpg; sourceTree = "<group>"; };
		6BB604591B203EF300EF5730 /* test05.jpg */ = {isa = PBXFileReference; lastKnownFileType = image.jpeg; path = test05.jpg; sourceTree = "<group>"; };
		6BB6045B1B20408E00EF5730 /* shopModel.h */ = {isa = PBXFileReference; fileEncoding = 4; lastKnownFileType = sourcecode.c.h; path = shopModel.h; sourceTree = "<group>"; };
		6BB6045C1B20408E00EF5730 /* shopModel.m */ = {isa = PBXFileReference; fileEncoding = 4; lastKnownFileType = sourcecode.c.objc; path = shopModel.m; sourceTree = "<group>"; };
/* End PBXFileReference section */

/* Begin PBXFrameworksBuildPhase section */
		6B885AD51B1B6D500008FB10 /* Frameworks */ = {
			isa = PBXFrameworksBuildPhase;
			buildActionMask = 2147483647;
			files = (
			);
			runOnlyForDeploymentPostprocessing = 0;
		};
		6B885AEE1B1B6D500008FB10 /* Frameworks */ = {
			isa = PBXFrameworksBuildPhase;
			buildActionMask = 2147483647;
			files = (
			);
			runOnlyForDeploymentPostprocessing = 0;
		};
/* End PBXFrameworksBuildPhase section */

/* Begin PBXGroup section */
		6B885ACF1B1B6D500008FB10 = {
			isa = PBXGroup;
			children = (
				6B885ADA1B1B6D500008FB10 /* shopCartListDemo */,
				6B885AF41B1B6D500008FB10 /* shopCartListDemoTests */,
				6B885AD91B1B6D500008FB10 /* Products */,
			);
			sourceTree = "<group>";
		};
		6B885AD91B1B6D500008FB10 /* Products */ = {
			isa = PBXGroup;
			children = (
				6B885AD81B1B6D500008FB10 /* shopCartListDemo.app */,
				6B885AF11B1B6D500008FB10 /* shopCartListDemoTests.xctest */,
			);
			name = Products;
			sourceTree = "<group>";
		};
		6B885ADA1B1B6D500008FB10 /* shopCartListDemo */ = {
			isa = PBXGroup;
			children = (
				6B885ADF1B1B6D500008FB10 /* AppDelegate.h */,
				6B885AE01B1B6D500008FB10 /* AppDelegate.m */,
				6B885AE21B1B6D500008FB10 /* ViewController.h */,
				6B885AE31B1B6D500008FB10 /* ViewController.m */,
				6B885B071B1B709D0008FB10 /* shopCartCell.h */,
				6B885B081B1B709D0008FB10 /* shopCartCell.m */,
				6B885B091B1B709D0008FB10 /* shopCartCell.xib */,
				6BB6045B1B20408E00EF5730 /* shopModel.h */,
				6BB6045C1B20408E00EF5730 /* shopModel.m */,
				6B885AE51B1B6D500008FB10 /* Main.storyboard */,
				6B885AE81B1B6D500008FB10 /* Images.xcassets */,
				6B885AEA1B1B6D500008FB10 /* LaunchScreen.xib */,
				6B885ADB1B1B6D500008FB10 /* Supporting Files */,
			);
			path = shopCartListDemo;
			sourceTree = "<group>";
		};
		6B885ADB1B1B6D500008FB10 /* Supporting Files */ = {
			isa = PBXGroup;
			children = (
				6BB604591B203EF300EF5730 /* test05.jpg */,
				6BB604511B203E8A00EF5730 /* test02.jpg */,
				6BB604521B203E8A00EF5730 /* test03.jpg */,
				6BB604531B203E8A00EF5730 /* test04.jpg */,
				6B885B011B1B6ED00008FB10 /* ButtonRedLarge.png */,
				6B885B021B1B6ED00008FB10 /* TabCartSelected@2x.png */,
				6B885B031B1B6ED00008FB10 /* test01.jpg */,
				6B885ADC1B1B6D500008FB10 /* Info.plist */,
				6B885ADD1B1B6D500008FB10 /* main.m */,
			);
			name = "Supporting Files";
			sourceTree = "<group>";
		};
		6B885AF41B1B6D500008FB10 /* shopCartListDemoTests */ = {
			isa = PBXGroup;
			children = (
				6B885AF71B1B6D500008FB10 /* shopCartListDemoTests.m */,
				6B885AF51B1B6D500008FB10 /* Supporting Files */,
			);
			path = shopCartListDemoTests;
			sourceTree = "<group>";
		};
		6B885AF51B1B6D500008FB10 /* Supporting Files */ = {
			isa = PBXGroup;
			children = (
				6B885AF61B1B6D500008FB10 /* Info.plist */,
			);
			name = "Supporting Files";
			sourceTree = "<group>";
		};
/* End PBXGroup section */

/* Begin PBXNativeTarget section */
		6B885AD71B1B6D500008FB10 /* shopCartListDemo */ = {
			isa = PBXNativeTarget;
			buildConfigurationList = 6B885AFB1B1B6D500008FB10 /* Build configuration list for PBXNativeTarget "shopCartListDemo" */;
			buildPhases = (
				6B885AD41B1B6D500008FB10 /* Sources */,
				6B885AD51B1B6D500008FB10 /* Frameworks */,
				6B885AD61B1B6D500008FB10 /* Resources */,
			);
			buildRules = (
			);
			dependencies = (
			);
			name = shopCartListDemo;
			productName = shopCartListDemo;
			productReference = 6B885AD81B1B6D500008FB10 /* shopCartListDemo.app */;
			productType = "com.apple.product-type.application";
		};
		6B885AF01B1B6D500008FB10 /* shopCartListDemoTests */ = {
			isa = PBXNativeTarget;
			buildConfigurationList = 6B885AFE1B1B6D500008FB10 /* Build configuration list for PBXNativeTarget "shopCartListDemoTests" */;
			buildPhases = (
				6B885AED1B1B6D500008FB10 /* Sources */,
				6B885AEE1B1B6D500008FB10 /* Frameworks */,
				6B885AEF1B1B6D500008FB10 /* Resources */,
			);
			buildRules = (
			);
			dependencies = (
				6B885AF31B1B6D500008FB10 /* PBXTargetDependency */,
			);
			name = shopCartListDemoTests;
			productName = shopCartListDemoTests;
			productReference = 6B885AF11B1B6D500008FB10 /* shopCartListDemoTests.xctest */;
			productType = "com.apple.product-type.bundle.unit-test";
		};
/* End PBXNativeTarget section */

/* Begin PBXProject section */
		6B885AD01B1B6D500008FB10 /* Project object */ = {
			isa = PBXProject;
			attributes = {
				LastUpgradeCheck = 0610;
				ORGANIZATIONNAME = wanglh;
				TargetAttributes = {
					6B885AD71B1B6D500008FB10 = {
						CreatedOnToolsVersion = 6.1;
					};
					6B885AF01B1B6D500008FB10 = {
						CreatedOnToolsVersion = 6.1;
						TestTargetID = 6B885AD71B1B6D500008FB10;
					};
				};
			};
			buildConfigurationList = 6B885AD31B1B6D500008FB10 /* Build configuration list for PBXProject "shopCartListDemo" */;
			compatibilityVersion = "Xcode 3.2";
			developmentRegion = English;
			hasScannedForEncodings = 0;
			knownRegions = (
				en,
				Base,
			);
			mainGroup = 6B885ACF1B1B6D500008FB10;
			productRefGroup = 6B885AD91B1B6D500008FB10 /* Products */;
			projectDirPath = "";
			projectRoot = "";
			targets = (
				6B885AD71B1B6D500008FB10 /* shopCartListDemo */,
				6B885AF01B1B6D500008FB10 /* shopCartListDemoTests */,
			);
		};
/* End PBXProject section */

/* Begin PBXResourcesBuildPhase section */
		6B885AD61B1B6D500008FB10 /* Resources */ = {
			isa = PBXResourcesBuildPhase;
			buildActionMask = 2147483647;
			files = (
				6B885B061B1B6ED00008FB10 /* test01.jpg in Resources */,
				6B885AE71B1B6D500008FB10 /* Main.storyboard in Resources */,
				6BB6045A1B203EF300EF5730 /* test05.jpg in Resources */,
				6B885B0B1B1B709D0008FB10 /* shopCartCell.xib in Resources */,
				6BB604571B203E8A00EF5730 /* test04.jpg in Resources */,
				6BB604551B203E8A00EF5730 /* test02.jpg in Resources */,
				6BB604561B203E8A00EF5730 /* test03.jpg in Resources */,
				6B885AEC1B1B6D500008FB10 /* LaunchScreen.xib in Resources */,
				6B885AE91B1B6D500008FB10 /* Images.xcassets in Resources */,
				6B885B041B1B6ED00008FB10 /* ButtonRedLarge.png in Resources */,
				6B885B051B1B6ED00008FB10 /* TabCartSelected@2x.png in Resources */,
			);
			runOnlyForDeploymentPostprocessing = 0;
		};
		6B885AEF1B1B6D500008FB10 /* Resources */ = {
			isa = PBXResourcesBuildPhase;
			buildActionMask = 2147483647;
			files = (
			);
			runOnlyForDeploymentPostprocessing = 0;
		};
/* End PBXResourcesBuildPhase section */

/* Begin PBXSourcesBuildPhase section */
		6B885AD41B1B6D500008FB10 /* Sources */ = {
			isa = PBXSourcesBuildPhase;
			buildActionMask = 2147483647;
			files = (
				6BB6045D1B20408E00EF5730 /* shopModel.m in Sources */,
				6B885AE41B1B6D500008FB10 /* ViewController.m in Sources */,
				6B885B0A1B1B709D0008FB10 /* shopCartCell.m in Sources */,
				6B885AE11B1B6D500008FB10 /* AppDelegate.m in Sources */,
				6B885ADE1B1B6D500008FB10 /* main.m in Sources */,
			);
			runOnlyForDeploymentPostprocessing = 0;
		};
		6B885AED1B1B6D500008FB10 /* Sources */ = {
			isa = PBXSourcesBuildPhase;
			buildActionMask = 2147483647;
			files = (
				6B885AF81B1B6D500008FB10 /* shopCartListDemoTests.m in Sources */,
			);
			runOnlyForDeploymentPostprocessing = 0;
		};
/* End PBXSourcesBuildPhase section */

/* Begin PBXTargetDependency section */
		6B885AF31B1B6D500008FB10 /* PBXTargetDependency */ = {
			isa = PBXTargetDependency;
			target = 6B885AD71B1B6D500008FB10 /* shopCartListDemo */;
			targetProxy = 6B885AF21B1B6D500008FB10 /* PBXContainerItemProxy */;
		};
/* End PBXTargetDependency section */

/* Begin PBXVariantGroup section */
		6B885AE51B1B6D500008FB10 /* Main.storyboard */ = {
			isa = PBXVariantGroup;
			children = (
				6B885AE61B1B6D500008FB10 /* Base */,
			);
			name = Main.storyboard;
			sourceTree = "<group>";
		};
		6B885AEA1B1B6D500008FB10 /* LaunchScreen.xib */ = {
			isa = PBXVariantGroup;
			children = (
				6B885AEB1B1B6D500008FB10 /* Base */,
			);
			name = LaunchScreen.xib;
			sourceTree = "<group>";
		};
/* End PBXVariantGroup section */

/* Begin XCBuildConfiguration section */
		6B885AF91B1B6D500008FB10 /* Debug */ = {
			isa = XCBuildConfiguration;
			buildSettings = {
				ALWAYS_SEARCH_USER_PATHS = NO;
				CLANG_CXX_LANGUAGE_STANDARD = "gnu++0x";
				CLANG_CXX_LIBRARY = "libc++";
				CLANG_ENABLE_MODULES = YES;
				CLANG_ENABLE_OBJC_ARC = YES;
				CLANG_WARN_BOOL_CONVERSION = YES;
				CLANG_WARN_CONSTANT_CONVERSION = YES;
				CLANG_WARN_DIRECT_OBJC_ISA_USAGE = YES_ERROR;
				CLANG_WARN_EMPTY_BODY = YES;
				CLANG_WARN_ENUM_CONVERSION = YES;
				CLANG_WARN_INT_CONVERSION = YES;
				CLANG_WARN_OBJC_ROOT_CLASS = YES_ERROR;
				CLANG_WARN_UNREACHABLE_CODE = YES;
				CLANG_WARN__DUPLICATE_METHOD_MATCH = YES;
				"CODE_SIGN_IDENTITY[sdk=iphoneos*]" = "iPhone Developer";
				COPY_PHASE_STRIP = NO;
				ENABLE_STRICT_OBJC_MSGSEND = YES;
				GCC_C_LANGUAGE_STANDARD = gnu99;
				GCC_DYNAMIC_NO_PIC = NO;
				GCC_OPTIMIZATION_LEVEL = 0;
				GCC_PREPROCESSOR_DEFINITIONS = (
					"DEBUG=1",
					"$(inherited)",
				);
				GCC_SYMBOLS_PRIVATE_EXTERN = NO;
				GCC_WARN_64_TO_32_BIT_CONVERSION = YES;
				GCC_WARN_ABOUT_RETURN_TYPE = YES_ERROR;
				GCC_WARN_UNDECLARED_SELECTOR = YES;
				GCC_WARN_UNINITIALIZED_AUTOS = YES_AGGRESSIVE;
				GCC_WARN_UNUSED_FUNCTION = YES;
				GCC_WARN_UNUSED_VARIABLE = YES;
				IPHONEOS_DEPLOYMENT_TARGET = 8.1;
				MTL_ENABLE_DEBUG_INFO = YES;
				ONLY_ACTIVE_ARCH = YES;
				SDKROOT = iphoneos;
			};
			name = Debug;
		};
		6B885AFA1B1B6D500008FB10 /* Release */ = {
			isa = XCBuildConfiguration;
			buildSettings = {
				ALWAYS_SEARCH_USER_PATHS = NO;
				CLANG_CXX_LANGUAGE_STANDARD = "gnu++0x";
				CLANG_CXX_LIBRARY = "libc++";
				CLANG_ENABLE_MODULES = YES;
				CLANG_ENABLE_OBJC_ARC = YES;
				CLANG_WARN_BOOL_CONVERSION = YES;
				CLANG_WARN_CONSTANT_CONVERSION = YES;
				CLANG_WARN_DIRECT_OBJC_ISA_USAGE = YES_ERROR;
				CLANG_WARN_EMPTY_BODY = YES;
				CLANG_WARN_ENUM_CONVERSION = YES;
				CLANG_WARN_INT_CONVERSION = YES;
				CLANG_WARN_OBJC_ROOT_CLASS = YES_ERROR;
				CLANG_WARN_UNREACHABLE_CODE = YES;
				CLANG_WARN__DUPLICATE_METHOD_MATCH = YES;
				"CODE_SIGN_IDENTITY[sdk=iphoneos*]" = "iPhone Developer";
				COPY_PHASE_STRIP = YES;
				ENABLE_NS_ASSERTIONS = NO;
				ENABLE_STRICT_OBJC_MSGSEND = YES;
				GCC_C_LANGUAGE_STANDARD = gnu99;
				GCC_WARN_64_TO_32_BIT_CONVERSION = YES;
				GCC_WARN_ABOUT_RETURN_TYPE = YES_ERROR;
				GCC_WARN_UNDECLARED_SELECTOR = YES;
				GCC_WARN_UNINITIALIZED_AUTOS = YES_AGGRESSIVE;
				GCC_WARN_UNUSED_FUNCTION = YES;
				GCC_WARN_UNUSED_VARIABLE = YES;
				IPHONEOS_DEPLOYMENT_TARGET = 8.1;
				MTL_ENABLE_DEBUG_INFO = NO;
				SDKROOT = iphoneos;
				VALIDATE_PRODUCT = YES;
			};
			name = Release;
		};
		6B885AFC1B1B6D500008FB10 /* Debug */ = {
			isa = XCBuildConfiguration;
			buildSettings = {
				ASSETCATALOG_COMPILER_APPICON_NAME = AppIcon;
				INFOPLIST_FILE = shopCartListDemo/Info.plist;
				LD_RUNPATH_SEARCH_PATHS = "$(inherited) @executable_path/Frameworks";
				PRODUCT_NAME = "$(TARGET_NAME)";
			};
			name = Debug;
		};
		6B885AFD1B1B6D500008FB10 /* Release */ = {
			isa = XCBuildConfiguration;
			buildSettings = {
				ASSETCATALOG_COMPILER_APPICON_NAME = AppIcon;
				INFOPLIST_FILE = shopCartListDemo/Info.plist;
				LD_RUNPATH_SEARCH_PATHS = "$(inherited) @executable_path/Frameworks";
				PRODUCT_NAME = "$(TARGET_NAME)";
			};
			name = Release;
		};
		6B885AFF1B1B6D500008FB10 /* Debug */ = {
			isa = XCBuildConfiguration;
			buildSettings = {
				BUNDLE_LOADER = "$(TEST_HOST)";
				FRAMEWORK_SEARCH_PATHS = (
					"$(SDKROOT)/Developer/Library/Frameworks",
					"$(inherited)",
				);
				GCC_PREPROCESSOR_DEFINITIONS = (
					"DEBUG=1",
					"$(inherited)",
				);
				INFOPLIST_FILE = shopCartListDemoTests/Info.plist;
				LD_RUNPATH_SEARCH_PATHS = "$(inherited) @executable_path/Frameworks @loader_path/Frameworks";
				PRODUCT_NAME = "$(TARGET_NAME)";
				TEST_HOST = "$(BUILT_PRODUCTS_DIR)/shopCartListDemo.app/shopCartListDemo";
			};
			name = Debug;
		};
		6B885B001B1B6D500008FB10 /* Release */ = {
			isa = XCBuildConfiguration;
			buildSettings = {
				BUNDLE_LOADER = "$(TEST_HOST)";
				FRAMEWORK_SEARCH_PATHS = (
					"$(SDKROOT)/Developer/Library/Frameworks",
					"$(inherited)",
				);
				INFOPLIST_FILE = shopCartListDemoTests/Info.plist;
				LD_RUNPATH_SEARCH_PATHS = "$(inherited) @executable_path/Frameworks @loader_path/Frameworks";
				PRODUCT_NAME = "$(TARGET_NAME)";
				TEST_HOST = "$(BUILT_PRODUCTS_DIR)/shopCartListDemo.app/shopCartListDemo";
			};
			name = Release;
		};
/* End XCBuildConfiguration section */

/* Begin XCConfigurationList section */
		6B885AD31B1B6D500008FB10 /* Build configuration list for PBXProject "shopCartListDemo" */ = {
			isa = XCConfigurationList;
			buildConfigurations = (
				6B885AF91B1B6D500008FB10 /* Debug */,
				6B885AFA1B1B6D500008FB10 /* Release */,
			);
			defaultConfigurationIsVisible = 0;
			defaultConfigurationName = Release;
		};
		6B885AFB1B1B6D500008FB10 /* Build configuration list for PBXNativeTarget "shopCartListDemo" */ = {
			isa = XCConfigurationList;
			buildConfigurations = (
				6B885AFC1B1B6D500008FB10 /* Debug */,
				6B885AFD1B1B6D500008FB10 /* Release */,
			);
			defaultConfigurationIsVisible = 0;
			defaultConfigurationName = Release;
		};
		6B885AFE1B1B6D500008FB10 /* Build configuration list for PBXNativeTarget "shopCartListDemoTests" */ = {
			isa = XCConfigurationList;
			buildConfigurations = (
				6B885AFF1B1B6D500008FB10 /* Debug */,
				6B885B001B1B6D500008FB10 /* Release */,
			);
			defaultConfigurationIsVisible = 0;
			defaultConfigurationName = Release;
		};
/* End XCConfigurationList section */
	};
	rootObject = 6B885AD01B1B6D500008FB10 /* Project object */;
}
